
Microsoft Visual Studio Solution File, Format Version 12.00
# Visual Studio Version 17
VisualStudioVersion = 17.7.34202.233
MinimumVisualStudioVersion = 10.0.40219.1
Project("{9A19103F-16F7-4668-BE54-9A1E7A4F7556}") = "Costos", "Costos\Costos.csproj", "{5FA13545-7DC8-46BF-B5CA-502FB7DFABB2}"
EndProject
Project("{2150E333-8FDC-42A3-9474-1A3956D46DE8}") = "Datos", "Datos", "{3A0FDF2C-ABD6-4377-9F9A-3A4A64840BAB}"
EndProject
Project("{9A19103F-16F7-4668-BE54-9A1E7A4F7556}") = "Datos", "Datos\Datos.csproj", "{AB836FC4-2A70-4593-8BDE-E203B7401DB4}"
EndProject
Project("{2150E333-8FDC-42A3-9474-1A3956D46DE8}") = "Entidades", "Entidades", "{A578DFEA-0A14-4542-9F4A-A8667B5051D8}"
EndProject
Project("{9A19103F-16F7-4668-BE54-9A1E7A4F7556}") = "CEntidades", "CEntidades\CEntidades.csproj", "{9DC07DAD-FCA4-4C9D-BBA9-054FCB1A9225}"
EndProject
Project("{2150E333-8FDC-42A3-9474-1A3956D46DE8}") = "Helpers", "Helpers", "{954D1592-8281-41EF-A00B-C4FE61129F95}"
EndProject
Project("{9A19103F-16F7-4668-BE54-9A1E7A4F7556}") = "CEstaticos", "CEstaticos\CEstaticos.csproj", "{F9A0A08D-A4B1-420E-BE6D-CF91C537FFF7}"
EndProject
Project("{2150E333-8FDC-42A3-9474-1A3956D46DE8}") = "Logica", "Logica", "{5F5AA0AA-44E6-46B4-A766-3C776EE3B7CA}"
EndProject
Project("{9A19103F-16F7-4668-BE54-9A1E7A4F7556}") = "CLogica", "CLogica\CLogica.csproj", "{01AA3655-4F08-4692-A64F-45ABBAA5192A}"
EndProject
Project("{9A19103F-16F7-4668-BE54-9A1E7A4F7556}") = "Recaudacion.BE", "Recaudacion.BE\Recaudacion.BE.csproj", "{CD961E1D-154F-4C38-9F9A-85743BBC7081}"
EndProject
Project("{9A19103F-16F7-4668-BE54-9A1E7A4F7556}") = "Recaudacion.DA", "Recaudacion.DA\Recaudacion.DA.csproj", "{67837B62-E98A-4412-AB4F-5078CBC103BB}"
EndProject
Project("{9A19103F-16F7-4668-BE54-9A1E7A4F7556}") = "Recaudacion.BL", "Recaudacion.BL\Recaudacion.BL.csproj", "{1EF96D84-8603-4F3F-9390-B6739134480C}"
EndProject
Project("{9A19103F-16F7-4668-BE54-9A1E7A4F7556}") = "Recaudacion.Helpers", "Recaudacion.Helpers\Recaudacion.Helpers.csproj", "{AF875EB4-7595-4690-AD5B-081BDDF84BCD}"
EndProject
Global
	GlobalSection(SolutionConfigurationPlatforms) = preSolution
		Debug|Any CPU = Debug|Any CPU
		Release|Any CPU = Release|Any CPU
	EndGlobalSection
	GlobalSection(ProjectConfigurationPlatforms) = postSolution
		{5FA13545-7DC8-46BF-B5CA-502FB7DFABB2}.Debug|Any CPU.ActiveCfg = Debug|Any CPU
		{5FA13545-7DC8-46BF-B5CA-502FB7DFABB2}.Debug|Any CPU.Build.0 = Debug|Any CPU
		{5FA13545-7DC8-46BF-B5CA-502FB7DFABB2}.Release|Any CPU.ActiveCfg = Release|Any CPU
		{5FA13545-7DC8-46BF-B5CA-502FB7DFABB2}.Release|Any CPU.Build.0 = Release|Any CPU
		{AB836FC4-2A70-4593-8BDE-E203B7401DB4}.Debug|Any CPU.ActiveCfg = Debug|Any CPU
		{AB836FC4-2A70-4593-8BDE-E203B7401DB4}.Debug|Any CPU.Build.0 = Debug|Any CPU
		{AB836FC4-2A70-4593-8BDE-E203B7401DB4}.Release|Any CPU.ActiveCfg = Release|Any CPU
		{AB836FC4-2A70-4593-8BDE-E203B7401DB4}.Release|Any CPU.Build.0 = Release|Any CPU
		{9DC07DAD-FCA4-4C9D-BBA9-054FCB1A9225}.Debug|Any CPU.ActiveCfg = Debug|Any CPU
		{9DC07DAD-FCA4-4C9D-BBA9-054FCB1A9225}.Debug|Any CPU.Build.0 = Debug|Any CPU
		{9DC07DAD-FCA4-4C9D-BBA9-054FCB1A9225}.Release|Any CPU.ActiveCfg = Release|Any CPU
		{9DC07DAD-FCA4-4C9D-BBA9-054FCB1A9225}.Release|Any CPU.Build.0 = Release|Any CPU
		{F9A0A08D-A4B1-420E-BE6D-CF91C537FFF7}.Debug|Any CPU.ActiveCfg = Debug|Any CPU
		{F9A0A08D-A4B1-420E-BE6D-CF91C537FFF7}.Debug|Any CPU.Build.0 = Debug|Any CPU
		{F9A0A08D-A4B1-420E-BE6D-CF91C537FFF7}.Release|Any CPU.ActiveCfg = Release|Any CPU
		{F9A0A08D-A4B1-420E-BE6D-CF91C537FFF7}.Release|Any CPU.Build.0 = Release|Any CPU
		{01AA3655-4F08-4692-A64F-45ABBAA5192A}.Debug|Any CPU.ActiveCfg = Debug|Any CPU
		{01AA3655-4F08-4692-A64F-45ABBAA5192A}.Debug|Any CPU.Build.0 = Debug|Any CPU
		{01AA3655-4F08-4692-A64F-45ABBAA5192A}.Release|Any CPU.ActiveCfg = Release|Any CPU
		{01AA3655-4F08-4692-A64F-45ABBAA5192A}.Release|Any CPU.Build.0 = Release|Any CPU
		{CD961E1D-154F-4C38-9F9A-85743BBC7081}.Debug|Any CPU.ActiveCfg = Debug|Any CPU
		{CD961E1D-154F-4C38-9F9A-85743BBC7081}.Debug|Any CPU.Build.0 = Debug|Any CPU
		{CD961E1D-154F-4C38-9F9A-85743BBC7081}.Release|Any CPU.ActiveCfg = Release|Any CPU
		{CD961E1D-154F-4C38-9F9A-85743BBC7081}.Release|Any CPU.Build.0 = Release|Any CPU
		{67837B62-E98A-4412-AB4F-5078CBC103BB}.Debug|Any CPU.ActiveCfg = Debug|Any CPU
		{67837B62-E98A-4412-AB4F-5078CBC103BB}.Debug|Any CPU.Build.0 = Debug|Any CPU
		{67837B62-E98A-4412-AB4F-5078CBC103BB}.Release|Any CPU.ActiveCfg = Release|Any CPU
		{67837B62-E98A-4412-AB4F-5078CBC103BB}.Release|Any CPU.Build.0 = Release|Any CPU
		{1EF96D84-8603-4F3F-9390-B6739134480C}.Debug|Any CPU.ActiveCfg = Debug|Any CPU
		{1EF96D84-8603-4F3F-9390-B6739134480C}.Debug|Any CPU.Build.0 = Debug|Any CPU
		{1EF96D84-8603-4F3F-9390-B6739134480C}.Release|Any CPU.ActiveCfg = Release|Any CPU
		{1EF96D84-8603-4F3F-9390-B6739134480C}.Release|Any CPU.Build.0 = Release|Any CPU
		{AF875EB4-7595-4690-AD5B-081BDDF84BCD}.Debug|Any CPU.ActiveCfg = Debug|Any CPU
		{AF875EB4-7595-4690-AD5B-081BDDF84BCD}.Debug|Any CPU.Build.0 = Debug|Any CPU
		{AF875EB4-7595-4690-AD5B-081BDDF84BCD}.Release|Any CPU.ActiveCfg = Release|Any CPU
		{AF875EB4-7595-4690-AD5B-081BDDF84BCD}.Release|Any CPU.Build.0 = Release|Any CPU
	EndGlobalSection
	GlobalSection(SolutionProperties) = preSolution
		HideSolutionNode = FALSE
	EndGlobalSection
	GlobalSection(NestedProjects) = preSolution
		{AB836FC4-2A70-4593-8BDE-E203B7401DB4} = {3A0FDF2C-ABD6-4377-9F9A-3A4A64840BAB}
		{9DC07DAD-FCA4-4C9D-BBA9-054FCB1A9225} = {A578DFEA-0A14-4542-9F4A-A8667B5051D8}
		{F9A0A08D-A4B1-420E-BE6D-CF91C537FFF7} = {954D1592-8281-41EF-A00B-C4FE61129F95}
		{01AA3655-4F08-4692-A64F-45ABBAA5192A} = {5F5AA0AA-44E6-46B4-A766-3C776EE3B7CA}
		{CD961E1D-154F-4C38-9F9A-85743BBC7081} = {A578DFEA-0A14-4542-9F4A-A8667B5051D8}
		{67837B62-E98A-4412-AB4F-5078CBC103BB} = {3A0FDF2C-ABD6-4377-9F9A-3A4A64840BAB}
		{1EF96D84-8603-4F3F-9390-B6739134480C} = {5F5AA0AA-44E6-46B4-A766-3C776EE3B7CA}
		{AF875EB4-7595-4690-AD5B-081BDDF84BCD} = {954D1592-8281-41EF-A00B-C4FE61129F95}
	EndGlobalSection
	GlobalSection(ExtensibilityGlobals) = postSolution
		SolutionGuid = {4FF0FEC3-1AE5-4272-BBBE-F5B45683FDCE}
	EndGlobalSection
EndGlobal
